
Microsoft Visual Studio Solution File, Format Version 12.00
# Visual Studio Version 17
VisualStudioVersion = 17.10.35027.167
MinimumVisualStudioVersion = 10.0.40219.1
Project("{FAE04EC0-301F-11D3-BF4B-00C04F79EFBC}") = "FirstListsProject", "FirstListsProject.csproj", "{CED34374-2203-4EA0-B69E-CB12EF8FF30E}"
EndProject
Global
	GlobalSection(SolutionConfigurationPlatforms) = preSolution
		Debug|Any CPU = Debug|Any CPU
		Release|Any CPU = Release|Any CPU
	EndGlobalSection
	GlobalSection(ProjectConfigurationPlatforms) = postSolution
		{CED34374-2203-4EA0-B69E-CB12EF8FF30E}.Debug|Any CPU.ActiveCfg = Debug|Any CPU
		{CED34374-2203-4EA0-B69E-CB12EF8FF30E}.Debug|Any CPU.Build.0 = Debug|Any CPU
		{CED34374-2203-4EA0-B69E-CB12EF8FF30E}.Release|Any CPU.ActiveCfg = Release|Any CPU
		{CED34374-2203-4EA0-B69E-CB12EF8FF30E}.Release|Any CPU.Build.0 = Release|Any CPU
	EndGlobalSection
	GlobalSection(SolutionProperties) = preSolution
		HideSolutionNode = FALSE
	EndGlobalSection
	GlobalSection(ExtensibilityGlobals) = postSolution
		SolutionGuid = {AE62BB2B-ED48-4858-95B4-FA64268EEBF0}
	EndGlobalSection
EndGlobal
